// !$*UTF8*$!
{
	archiveVersion = 1;
	classes = {
	};
	objectVersion = 55;
	objects = {

/* Begin PBXBuildFile section */
		C215F0732A38D40500FA67F6 /* Main.swift in Sources */ = {isa = PBXBuildFile; fileRef = C215F0722A38D40500FA67F6 /* Main.swift */; };
		C215F0772A38F95D00FA67F6 /* NewLogView.swift in Sources */ = {isa = PBXBuildFile; fileRef = C215F0762A38F95D00FA67F6 /* NewLogView.swift */; };
		C215F0792A38FA7400FA67F6 /* AppColors.swift in Sources */ = {isa = PBXBuildFile; fileRef = C215F0782A38FA7400FA67F6 /* AppColors.swift */; };
		C21FCC192A337A8B009EF558 /* LiftsApp.swift in Sources */ = {isa = PBXBuildFile; fileRef = C21FCC182A337A8B009EF558 /* LiftsApp.swift */; };
		C21FCC1B2A337A8B009EF558 /* ContentView.swift in Sources */ = {isa = PBXBuildFile; fileRef = C21FCC1A2A337A8B009EF558 /* ContentView.swift */; };
		C21FCC1D2A337A8D009EF558 /* Assets.xcassets in Resources */ = {isa = PBXBuildFile; fileRef = C21FCC1C2A337A8D009EF558 /* Assets.xcassets */; };
		C21FCC202A337A8D009EF558 /* Preview Assets.xcassets in Resources */ = {isa = PBXBuildFile; fileRef = C21FCC1F2A337A8D009EF558 /* Preview Assets.xcassets */; };
		C21FCC2A2A337A8D009EF558 /* LiftsTests.swift in Sources */ = {isa = PBXBuildFile; fileRef = C21FCC292A337A8D009EF558 /* LiftsTests.swift */; };
		C21FCC342A337A8D009EF558 /* LiftsUITests.swift in Sources */ = {isa = PBXBuildFile; fileRef = C21FCC332A337A8D009EF558 /* LiftsUITests.swift */; };
		C21FCC362A337A8D009EF558 /* LiftsUITestsLaunchTests.swift in Sources */ = {isa = PBXBuildFile; fileRef = C21FCC352A337A8D009EF558 /* LiftsUITestsLaunchTests.swift */; };
/* End PBXBuildFile section */

/* Begin PBXContainerItemProxy section */
		C21FCC262A337A8D009EF558 /* PBXContainerItemProxy */ = {
			isa = PBXContainerItemProxy;
			containerPortal = C21FCC0D2A337A8B009EF558 /* Project object */;
			proxyType = 1;
			remoteGlobalIDString = C21FCC142A337A8B009EF558;
			remoteInfo = Lifts;
		};
		C21FCC302A337A8D009EF558 /* PBXContainerItemProxy */ = {
			isa = PBXContainerItemProxy;
			containerPortal = C21FCC0D2A337A8B009EF558 /* Project object */;
			proxyType = 1;
			remoteGlobalIDString = C21FCC142A337A8B009EF558;
			remoteInfo = Lifts;
		};
/* End PBXContainerItemProxy section */

/* Begin PBXFileReference section */
		C215F0722A38D40500FA67F6 /* Main.swift */ = {isa = PBXFileReference; lastKnownFileType = sourcecode.swift; path = Main.swift; sourceTree = "<group>"; };
		C215F0762A38F95D00FA67F6 /* NewLogView.swift */ = {isa = PBXFileReference; lastKnownFileType = sourcecode.swift; path = NewLogView.swift; sourceTree = "<group>"; };
		C215F0782A38FA7400FA67F6 /* AppColors.swift */ = {isa = PBXFileReference; lastKnownFileType = sourcecode.swift; path = AppColors.swift; sourceTree = "<group>"; };
		C21FCC152A337A8B009EF558 /* Lifts.app */ = {isa = PBXFileReference; explicitFileType = wrapper.application; includeInIndex = 0; path = Lifts.app; sourceTree = BUILT_PRODUCTS_DIR; };
		C21FCC182A337A8B009EF558 /* LiftsApp.swift */ = {isa = PBXFileReference; lastKnownFileType = sourcecode.swift; path = LiftsApp.swift; sourceTree = "<group>"; };
		C21FCC1A2A337A8B009EF558 /* ContentView.swift */ = {isa = PBXFileReference; lastKnownFileType = sourcecode.swift; path = ContentView.swift; sourceTree = "<group>"; };
		C21FCC1C2A337A8D009EF558 /* Assets.xcassets */ = {isa = PBXFileReference; lastKnownFileType = folder.assetcatalog; path = Assets.xcassets; sourceTree = "<group>"; };
		C21FCC1F2A337A8D009EF558 /* Preview Assets.xcassets */ = {isa = PBXFileReference; lastKnownFileType = folder.assetcatalog; path = "Preview Assets.xcassets"; sourceTree = "<group>"; };
		C21FCC252A337A8D009EF558 /* LiftsTests.xctest */ = {isa = PBXFileReference; explicitFileType = wrapper.cfbundle; includeInIndex = 0; path = LiftsTests.xctest; sourceTree = BUILT_PRODUCTS_DIR; };
		C21FCC292A337A8D009EF558 /* LiftsTests.swift */ = {isa = PBXFileReference; lastKnownFileType = sourcecode.swift; path = LiftsTests.swift; sourceTree = "<group>"; };
		C21FCC2F2A337A8D009EF558 /* LiftsUITests.xctest */ = {isa = PBXFileReference; explicitFileType = wrapper.cfbundle; includeInIndex = 0; path = LiftsUITests.xctest; sourceTree = BUILT_PRODUCTS_DIR; };
		C21FCC332A337A8D009EF558 /* LiftsUITests.swift */ = {isa = PBXFileReference; lastKnownFileType = sourcecode.swift; path = LiftsUITests.swift; sourceTree = "<group>"; };
		C21FCC352A337A8D009EF558 /* LiftsUITestsLaunchTests.swift */ = {isa = PBXFileReference; lastKnownFileType = sourcecode.swift; path = LiftsUITestsLaunchTests.swift; sourceTree = "<group>"; };
/* End PBXFileReference section */

/* Begin PBXFrameworksBuildPhase section */
		C21FCC122A337A8B009EF558 /* Frameworks */ = {
			isa = PBXFrameworksBuildPhase;
			buildActionMask = 2147483647;
			files = (
			);
			runOnlyForDeploymentPostprocessing = 0;
		};
		C21FCC222A337A8D009EF558 /* Frameworks */ = {
			isa = PBXFrameworksBuildPhase;
			buildActionMask = 2147483647;
			files = (
			);
			runOnlyForDeploymentPostprocessing = 0;
		};
		C21FCC2C2A337A8D009EF558 /* Frameworks */ = {
			isa = PBXFrameworksBuildPhase;
			buildActionMask = 2147483647;
			files = (
			);
			runOnlyForDeploymentPostprocessing = 0;
		};
/* End PBXFrameworksBuildPhase section */

/* Begin PBXGroup section */
		C21FCC0C2A337A8B009EF558 = {
			isa = PBXGroup;
			children = (
				C21FCC172A337A8B009EF558 /* Lifts */,
				C21FCC282A337A8D009EF558 /* LiftsTests */,
				C21FCC322A337A8D009EF558 /* LiftsUITests */,
				C21FCC162A337A8B009EF558 /* Products */,
			);
			sourceTree = "<group>";
		};
		C21FCC162A337A8B009EF558 /* Products */ = {
			isa = PBXGroup;
			children = (
				C21FCC152A337A8B009EF558 /* Lifts.app */,
				C21FCC252A337A8D009EF558 /* LiftsTests.xctest */,
				C21FCC2F2A337A8D009EF558 /* LiftsUITests.xctest */,
			);
			name = Products;
			sourceTree = "<group>";
		};
		C21FCC172A337A8B009EF558 /* Lifts */ = {
			isa = PBXGroup;
			children = (
				C21FCC182A337A8B009EF558 /* LiftsApp.swift */,
				C21FCC1A2A337A8B009EF558 /* ContentView.swift */,
				C215F0782A38FA7400FA67F6 /* AppColors.swift */,
				C215F0762A38F95D00FA67F6 /* NewLogView.swift */,
				C215F0722A38D40500FA67F6 /* Main.swift */,
				C21FCC1C2A337A8D009EF558 /* Assets.xcassets */,
				C21FCC1E2A337A8D009EF558 /* Preview Content */,
			);
			path = Lifts;
			sourceTree = "<group>";
		};
		C21FCC1E2A337A8D009EF558 /* Preview Content */ = {
			isa = PBXGroup;
			children = (
				C21FCC1F2A337A8D009EF558 /* Preview Assets.xcassets */,
			);
			path = "Preview Content";
			sourceTree = "<group>";
		};
		C21FCC282A337A8D009EF558 /* LiftsTests */ = {
			isa = PBXGroup;
			children = (
				C21FCC292A337A8D009EF558 /* LiftsTests.swift */,
			);
			path = LiftsTests;
			sourceTree = "<group>";
		};
		C21FCC322A337A8D009EF558 /* LiftsUITests */ = {
			isa = PBXGroup;
			children = (
				C21FCC332A337A8D009EF558 /* LiftsUITests.swift */,
				C21FCC352A337A8D009EF558 /* LiftsUITestsLaunchTests.swift */,
			);
			path = LiftsUITests;
			sourceTree = "<group>";
		};
/* End PBXGroup section */

/* Begin PBXNativeTarget section */
		C21FCC142A337A8B009EF558 /* Lifts */ = {
			isa = PBXNativeTarget;
			buildConfigurationList = C21FCC392A337A8D009EF558 /* Build configuration list for PBXNativeTarget "Lifts" */;
			buildPhases = (
				C21FCC112A337A8B009EF558 /* Sources */,
				C21FCC122A337A8B009EF558 /* Frameworks */,
				C21FCC132A337A8B009EF558 /* Resources */,
			);
			buildRules = (
			);
			dependencies = (
			);
			name = Lifts;
			productName = Lifts;
			productReference = C21FCC152A337A8B009EF558 /* Lifts.app */;
			productType = "com.apple.product-type.application";
		};
		C21FCC242A337A8D009EF558 /* LiftsTests */ = {
			isa = PBXNativeTarget;
			buildConfigurationList = C21FCC3C2A337A8D009EF558 /* Build configuration list for PBXNativeTarget "LiftsTests" */;
			buildPhases = (
				C21FCC212A337A8D009EF558 /* Sources */,
				C21FCC222A337A8D009EF558 /* Frameworks */,
				C21FCC232A337A8D009EF558 /* Resources */,
			);
			buildRules = (
			);
			dependencies = (
				C21FCC272A337A8D009EF558 /* PBXTargetDependency */,
			);
			name = LiftsTests;
			productName = LiftsTests;
			productReference = C21FCC252A337A8D009EF558 /* LiftsTests.xctest */;
			productType = "com.apple.product-type.bundle.unit-test";
		};
		C21FCC2E2A337A8D009EF558 /* LiftsUITests */ = {
			isa = PBXNativeTarget;
			buildConfigurationList = C21FCC3F2A337A8D009EF558 /* Build configuration list for PBXNativeTarget "LiftsUITests" */;
			buildPhases = (
				C21FCC2B2A337A8D009EF558 /* Sources */,
				C21FCC2C2A337A8D009EF558 /* Frameworks */,
				C21FCC2D2A337A8D009EF558 /* Resources */,
			);
			buildRules = (
			);
			dependencies = (
				C21FCC312A337A8D009EF558 /* PBXTargetDependency */,
			);
			name = LiftsUITests;
			productName = LiftsUITests;
			productReference = C21FCC2F2A337A8D009EF558 /* LiftsUITests.xctest */;
			productType = "com.apple.product-type.bundle.ui-testing";
		};
/* End PBXNativeTarget section */

/* Begin PBXProject section */
		C21FCC0D2A337A8B009EF558 /* Project object */ = {
			isa = PBXProject;
			attributes = {
				BuildIndependentTargetsInParallel = 1;
				LastSwiftUpdateCheck = 1340;
				LastUpgradeCheck = 1340;
				TargetAttributes = {
					C21FCC142A337A8B009EF558 = {
						CreatedOnToolsVersion = 13.4.1;
					};
					C21FCC242A337A8D009EF558 = {
						CreatedOnToolsVersion = 13.4.1;
						TestTargetID = C21FCC142A337A8B009EF558;
					};
					C21FCC2E2A337A8D009EF558 = {
						CreatedOnToolsVersion = 13.4.1;
						TestTargetID = C21FCC142A337A8B009EF558;
					};
				};
			};
			buildConfigurationList = C21FCC102A337A8B009EF558 /* Build configuration list for PBXProject "Lifts" */;
			compatibilityVersion = "Xcode 13.0";
			developmentRegion = en;
			hasScannedForEncodings = 0;
			knownRegions = (
				en,
				Base,
			);
			mainGroup = C21FCC0C2A337A8B009EF558;
			productRefGroup = C21FCC162A337A8B009EF558 /* Products */;
			projectDirPath = "";
			projectRoot = "";
			targets = (
				C21FCC142A337A8B009EF558 /* Lifts */,
				C21FCC242A337A8D009EF558 /* LiftsTests */,
				C21FCC2E2A337A8D009EF558 /* LiftsUITests */,
			);
		};
/* End PBXProject section */

/* Begin PBXResourcesBuildPhase section */
		C21FCC132A337A8B009EF558 /* Resources */ = {
			isa = PBXResourcesBuildPhase;
			buildActionMask = 2147483647;
			files = (
				C21FCC202A337A8D009EF558 /* Preview Assets.xcassets in Resources */,
				C21FCC1D2A337A8D009EF558 /* Assets.xcassets in Resources */,
			);
			runOnlyForDeploymentPostprocessing = 0;
		};
		C21FCC232A337A8D009EF558 /* Resources */ = {
			isa = PBXResourcesBuildPhase;
			buildActionMask = 2147483647;
			files = (
			);
			runOnlyForDeploymentPostprocessing = 0;
		};
		C21FCC2D2A337A8D009EF558 /* Resources */ = {
			isa = PBXResourcesBuildPhase;
			buildActionMask = 2147483647;
			files = (
			);
			runOnlyForDeploymentPostprocessing = 0;
		};
/* End PBXResourcesBuildPhase section */

/* Begin PBXSourcesBuildPhase section */
		C21FCC112A337A8B009EF558 /* Sources */ = {
			isa = PBXSourcesBuildPhase;
			buildActionMask = 2147483647;
			files = (
				C215F0732A38D40500FA67F6 /* Main.swift in Sources */,
				C21FCC1B2A337A8B009EF558 /* ContentView.swift in Sources */,
				C215F0772A38F95D00FA67F6 /* NewLogView.swift in Sources */,
				C215F0792A38FA7400FA67F6 /* AppColors.swift in Sources */,
				C21FCC192A337A8B009EF558 /* LiftsApp.swift in Sources */,
			);
			runOnlyForDeploymentPostprocessing = 0;
		};
		C21FCC212A337A8D009EF558 /* Sources */ = {
			isa = PBXSourcesBuildPhase;
			buildActionMask = 2147483647;
			files = (
				C21FCC2A2A337A8D009EF558 /* LiftsTests.swift in Sources */,
			);
			runOnlyForDeploymentPostprocessing = 0;
		};
		C21FCC2B2A337A8D009EF558 /* Sources */ = {
			isa = PBXSourcesBuildPhase;
			buildActionMask = 2147483647;
			files = (
				C21FCC342A337A8D009EF558 /* LiftsUITests.swift in Sources */,
				C21FCC362A337A8D009EF558 /* LiftsUITestsLaunchTests.swift in Sources */,
			);
			runOnlyForDeploymentPostprocessing = 0;
		};
/* End PBXSourcesBuildPhase section */

/* Begin PBXTargetDependency section */
		C21FCC272A337A8D009EF558 /* PBXTargetDependency */ = {
			isa = PBXTargetDependency;
			target = C21FCC142A337A8B009EF558 /* Lifts */;
			targetProxy = C21FCC262A337A8D009EF558 /* PBXContainerItemProxy */;
		};
		C21FCC312A337A8D009EF558 /* PBXTargetDependency */ = {
			isa = PBXTargetDependency;
			target = C21FCC142A337A8B009EF558 /* Lifts */;
			targetProxy = C21FCC302A337A8D009EF558 /* PBXContainerItemProxy */;
		};
/* End PBXTargetDependency section */

/* Begin XCBuildConfiguration section */
		C21FCC372A337A8D009EF558 /* Debug */ = {
			isa = XCBuildConfiguration;
			buildSettings = {
				ALWAYS_SEARCH_USER_PATHS = NO;
				CLANG_ANALYZER_NONNULL = YES;
				CLANG_ANALYZER_NUMBER_OBJECT_CONVERSION = YES_AGGRESSIVE;
				CLANG_CXX_LANGUAGE_STANDARD = "gnu++17";
				CLANG_ENABLE_MODULES = YES;
				CLANG_ENABLE_OBJC_ARC = YES;
				CLANG_ENABLE_OBJC_WEAK = YES;
				CLANG_WARN_BLOCK_CAPTURE_AUTORELEASING = YES;
				CLANG_WARN_BOOL_CONVERSION = YES;
				CLANG_WARN_COMMA = YES;
				CLANG_WARN_CONSTANT_CONVERSION = YES;
				CLANG_WARN_DEPRECATED_OBJC_IMPLEMENTATIONS = YES;
				CLANG_WARN_DIRECT_OBJC_ISA_USAGE = YES_ERROR;
				CLANG_WARN_DOCUMENTATION_COMMENTS = YES;
				CLANG_WARN_EMPTY_BODY = YES;
				CLANG_WARN_ENUM_CONVERSION = YES;
				CLANG_WARN_INFINITE_RECURSION = YES;
				CLANG_WARN_INT_CONVERSION = YES;
				CLANG_WARN_NON_LITERAL_NULL_CONVERSION = YES;
				CLANG_WARN_OBJC_IMPLICIT_RETAIN_SELF = YES;
				CLANG_WARN_OBJC_LITERAL_CONVERSION = YES;
				CLANG_WARN_OBJC_ROOT_CLASS = YES_ERROR;
				CLANG_WARN_QUOTED_INCLUDE_IN_FRAMEWORK_HEADER = YES;
				CLANG_WARN_RANGE_LOOP_ANALYSIS = YES;
				CLANG_WARN_STRICT_PROTOTYPES = YES;
				CLANG_WARN_SUSPICIOUS_MOVE = YES;
				CLANG_WARN_UNGUARDED_AVAILABILITY = YES_AGGRESSIVE;
				CLANG_WARN_UNREACHABLE_CODE = YES;
				CLANG_WARN__DUPLICATE_METHOD_MATCH = YES;
				COPY_PHASE_STRIP = NO;
				DEBUG_INFORMATION_FORMAT = dwarf;
				ENABLE_STRICT_OBJC_MSGSEND = YES;
				ENABLE_TESTABILITY = YES;
				GCC_C_LANGUAGE_STANDARD = gnu11;
				GCC_DYNAMIC_NO_PIC = NO;
				GCC_NO_COMMON_BLOCKS = YES;
				GCC_OPTIMIZATION_LEVEL = 0;
				GCC_PREPROCESSOR_DEFINITIONS = (
					"DEBUG=1",
					"$(inherited)",
				);
				GCC_WARN_64_TO_32_BIT_CONVERSION = YES;
				GCC_WARN_ABOUT_RETURN_TYPE = YES_ERROR;
				GCC_WARN_UNDECLARED_SELECTOR = YES;
				GCC_WARN_UNINITIALIZED_AUTOS = YES_AGGRESSIVE;
				GCC_WARN_UNUSED_FUNCTION = YES;
				GCC_WARN_UNUSED_VARIABLE = YES;
				IPHONEOS_DEPLOYMENT_TARGET = 15.5;
				MTL_ENABLE_DEBUG_INFO = INCLUDE_SOURCE;
				MTL_FAST_MATH = YES;
				ONLY_ACTIVE_ARCH = YES;
				SDKROOT = iphoneos;
				SWIFT_ACTIVE_COMPILATION_CONDITIONS = DEBUG;
				SWIFT_OPTIMIZATION_LEVEL = "-Onone";
			};
			name = Debug;
		};
		C21FCC382A337A8D009EF558 /* Release */ = {
			isa = XCBuildConfiguration;
			buildSettings = {
				ALWAYS_SEARCH_USER_PATHS = NO;
				CLANG_ANALYZER_NONNULL = YES;
				CLANG_ANALYZER_NUMBER_OBJECT_CONVERSION = YES_AGGRESSIVE;
				CLANG_CXX_LANGUAGE_STANDARD = "gnu++17";
				CLANG_ENABLE_MODULES = YES;
				CLANG_ENABLE_OBJC_ARC = YES;
				CLANG_ENABLE_OBJC_WEAK = YES;
				CLANG_WARN_BLOCK_CAPTURE_AUTORELEASING = YES;
				CLANG_WARN_BOOL_CONVERSION = YES;
				CLANG_WARN_COMMA = YES;
				CLANG_WARN_CONSTANT_CONVERSION = YES;
				CLANG_WARN_DEPRECATED_OBJC_IMPLEMENTATIONS = YES;
				CLANG_WARN_DIRECT_OBJC_ISA_USAGE = YES_ERROR;
				CLANG_WARN_DOCUMENTATION_COMMENTS = YES;
				CLANG_WARN_EMPTY_BODY = YES;
				CLANG_WARN_ENUM_CONVERSION = YES;
				CLANG_WARN_INFINITE_RECURSION = YES;
				CLANG_WARN_INT_CONVERSION = YES;
				CLANG_WARN_NON_LITERAL_NULL_CONVERSION = YES;
				CLANG_WARN_OBJC_IMPLICIT_RETAIN_SELF = YES;
				CLANG_WARN_OBJC_LITERAL_CONVERSION = YES;
				CLANG_WARN_OBJC_ROOT_CLASS = YES_ERROR;
				CLANG_WARN_QUOTED_INCLUDE_IN_FRAMEWORK_HEADER = YES;
				CLANG_WARN_RANGE_LOOP_ANALYSIS = YES;
				CLANG_WARN_STRICT_PROTOTYPES = YES;
				CLANG_WARN_SUSPICIOUS_MOVE = YES;
				CLANG_WARN_UNGUARDED_AVAILABILITY = YES_AGGRESSIVE;
				CLANG_WARN_UNREACHABLE_CODE = YES;
				CLANG_WARN__DUPLICATE_METHOD_MATCH = YES;
				COPY_PHASE_STRIP = NO;
				DEBUG_INFORMATION_FORMAT = "dwarf-with-dsym";
				ENABLE_NS_ASSERTIONS = NO;
				ENABLE_STRICT_OBJC_MSGSEND = YES;
				GCC_C_LANGUAGE_STANDARD = gnu11;
				GCC_NO_COMMON_BLOCKS = YES;
				GCC_WARN_64_TO_32_BIT_CONVERSION = YES;
				GCC_WARN_ABOUT_RETURN_TYPE = YES_ERROR;
				GCC_WARN_UNDECLARED_SELECTOR = YES;
				GCC_WARN_UNINITIALIZED_AUTOS = YES_AGGRESSIVE;
				GCC_WARN_UNUSED_FUNCTION = YES;
				GCC_WARN_UNUSED_VARIABLE = YES;
				IPHONEOS_DEPLOYMENT_TARGET = 15.5;
				MTL_ENABLE_DEBUG_INFO = NO;
				MTL_FAST_MATH = YES;
				SDKROOT = iphoneos;
				SWIFT_COMPILATION_MODE = wholemodule;
				SWIFT_OPTIMIZATION_LEVEL = "-O";
				VALIDATE_PRODUCT = YES;
			};
			name = Release;
		};
		C21FCC3A2A337A8D009EF558 /* Debug */ = {
			isa = XCBuildConfiguration;
			buildSettings = {
				ASSETCATALOG_COMPILER_APPICON_NAME = AppIcon;
				ASSETCATALOG_COMPILER_GLOBAL_ACCENT_COLOR_NAME = AccentColor;
				CODE_SIGN_STYLE = Automatic;
				CURRENT_PROJECT_VERSION = 1;
				DEVELOPMENT_ASSET_PATHS = "\"Lifts/Preview Content\"";
				ENABLE_PREVIEWS = YES;
				GENERATE_INFOPLIST_FILE = YES;
				INFOPLIST_KEY_UIApplicationSceneManifest_Generation = YES;
				INFOPLIST_KEY_UIApplicationSupportsIndirectInputEvents = YES;
				INFOPLIST_KEY_UILaunchScreen_Generation = YES;
				INFOPLIST_KEY_UISupportedInterfaceOrientations = UIInterfaceOrientationPortrait;
				INFOPLIST_KEY_UISupportedInterfaceOrientations_iPad = "UIInterfaceOrientationPortrait UIInterfaceOrientationPortraitUpsideDown UIInterfaceOrientationLandscapeLeft UIInterfaceOrientationLandscapeRight";
				INFOPLIST_KEY_UISupportedInterfaceOrientations_iPhone = "UIInterfaceOrientationPortrait UIInterfaceOrientationLandscapeLeft UIInterfaceOrientationLandscapeRight";
				LD_RUNPATH_SEARCH_PATHS = (
					"$(inherited)",
					"@executable_path/Frameworks",
				);
				MARKETING_VERSION = 1.0;
				PRODUCT_BUNDLE_IDENTIFIER = "emilyetc-atulyaL.Lifts";
				PRODUCT_NAME = "$(TARGET_NAME)";
				SWIFT_EMIT_LOC_STRINGS = YES;
				SWIFT_VERSION = 5.0;
				TARGETED_DEVICE_FAMILY = "1,2";
			};
			name = Debug;
		};
		C21FCC3B2A337A8D009EF558 /* Release */ = {
			isa = XCBuildConfiguration;
			buildSettings = {
				ASSETCATALOG_COMPILER_APPICON_NAME = AppIcon;
				ASSETCATALOG_COMPILER_GLOBAL_ACCENT_COLOR_NAME = AccentColor;
				CODE_SIGN_STYLE = Automatic;
				CURRENT_PROJECT_VERSION = 1;
				DEVELOPMENT_ASSET_PATHS = "\"Lifts/Preview Content\"";
				ENABLE_PREVIEWS = YES;
				GENERATE_INFOPLIST_FILE = YES;
				INFOPLIST_KEY_UIApplicationSceneManifest_Generation = YES;
				INFOPLIST_KEY_UIApplicationSupportsIndirectInputEvents = YES;
				INFOPLIST_KEY_UILaunchScreen_Generation = YES;
				INFOPLIST_KEY_UISupportedInterfaceOrientations = UIInterfaceOrientationPortrait;
				INFOPLIST_KEY_UISupportedInterfaceOrientations_iPad = "UIInterfaceOrientationPortrait UIInterfaceOrientationPortraitUpsideDown UIInterfaceOrientationLandscapeLeft UIInterfaceOrientationLandscapeRight";
				INFOPLIST_KEY_UISupportedInterfaceOrientations_iPhone = "UIInterfaceOrientationPortrait UIInterfaceOrientationLandscapeLeft UIInterfaceOrientationLandscapeRight";
				LD_RUNPATH_SEARCH_PATHS = (
					"$(inherited)",
					"@executable_path/Frameworks",
				);
				MARKETING_VERSION = 1.0;
				PRODUCT_BUNDLE_IDENTIFIER = "emilyetc-atulyaL.Lifts";
				PRODUCT_NAME = "$(TARGET_NAME)";
				SWIFT_EMIT_LOC_STRINGS = YES;
				SWIFT_VERSION = 5.0;
				TARGETED_DEVICE_FAMILY = "1,2";
			};
			name = Release;
		};
		C21FCC3D2A337A8D009EF558 /* Debug */ = {
			isa = XCBuildConfiguration;
			buildSettings = {
				ALWAYS_EMBED_SWIFT_STANDARD_LIBRARIES = YES;
				BUNDLE_LOADER = "$(TEST_HOST)";
				CODE_SIGN_STYLE = Automatic;
				CURRENT_PROJECT_VERSION = 1;
				GENERATE_INFOPLIST_FILE = YES;
				IPHONEOS_DEPLOYMENT_TARGET = 15.5;
				MARKETING_VERSION = 1.0;
				PRODUCT_BUNDLE_IDENTIFIER = "emilyetc-atulyaL.LiftsTests";
				PRODUCT_NAME = "$(TARGET_NAME)";
				SWIFT_EMIT_LOC_STRINGS = NO;
				SWIFT_VERSION = 5.0;
				TARGETED_DEVICE_FAMILY = "1,2";
				TEST_HOST = "$(BUILT_PRODUCTS_DIR)/Lifts.app/Lifts";
			};
			name = Debug;
		};
		C21FCC3E2A337A8D009EF558 /* Release */ = {
			isa = XCBuildConfiguration;
			buildSettings = {
				ALWAYS_EMBED_SWIFT_STANDARD_LIBRARIES = YES;
				BUNDLE_LOADER = "$(TEST_HOST)";
				CODE_SIGN_STYLE = Automatic;
				CURRENT_PROJECT_VERSION = 1;
				GENERATE_INFOPLIST_FILE = YES;
				IPHONEOS_DEPLOYMENT_TARGET = 15.5;
				MARKETING_VERSION = 1.0;
				PRODUCT_BUNDLE_IDENTIFIER = "emilyetc-atulyaL.LiftsTests";
				PRODUCT_NAME = "$(TARGET_NAME)";
				SWIFT_EMIT_LOC_STRINGS = NO;
				SWIFT_VERSION = 5.0;
				TARGETED_DEVICE_FAMILY = "1,2";
				TEST_HOST = "$(BUILT_PRODUCTS_DIR)/Lifts.app/Lifts";
			};
			name = Release;
		};
		C21FCC402A337A8D009EF558 /* Debug */ = {
			isa = XCBuildConfiguration;
			buildSettings = {
				ALWAYS_EMBED_SWIFT_STANDARD_LIBRARIES = YES;
				CODE_SIGN_STYLE = Automatic;
				CURRENT_PROJECT_VERSION = 1;
				GENERATE_INFOPLIST_FILE = YES;
				MARKETING_VERSION = 1.0;
				PRODUCT_BUNDLE_IDENTIFIER = "emilyetc-atulyaL.LiftsUITests";
				PRODUCT_NAME = "$(TARGET_NAME)";
				SWIFT_EMIT_LOC_STRINGS = NO;
				SWIFT_VERSION = 5.0;
				TARGETED_DEVICE_FAMILY = "1,2";
				TEST_TARGET_NAME = Lifts;
			};
			name = Debug;
		};
		C21FCC412A337A8D009EF558 /* Release */ = {
			isa = XCBuildConfiguration;
			buildSettings = {
				ALWAYS_EMBED_SWIFT_STANDARD_LIBRARIES = YES;
				CODE_SIGN_STYLE = Automatic;
				CURRENT_PROJECT_VERSION = 1;
				GENERATE_INFOPLIST_FILE = YES;
				MARKETING_VERSION = 1.0;
				PRODUCT_BUNDLE_IDENTIFIER = "emilyetc-atulyaL.LiftsUITests";
				PRODUCT_NAME = "$(TARGET_NAME)";
				SWIFT_EMIT_LOC_STRINGS = NO;
				SWIFT_VERSION = 5.0;
				TARGETED_DEVICE_FAMILY = "1,2";
				TEST_TARGET_NAME = Lifts;
			};
			name = Release;
		};
/* End XCBuildConfiguration section */

/* Begin XCConfigurationList section */
		C21FCC102A337A8B009EF558 /* Build configuration list for PBXProject "Lifts" */ = {
			isa = XCConfigurationList;
			buildConfigurations = (
				C21FCC372A337A8D009EF558 /* Debug */,
				C21FCC382A337A8D009EF558 /* Release */,
			);
			defaultConfigurationIsVisible = 0;
			defaultConfigurationName = Release;
		};
		C21FCC392A337A8D009EF558 /* Build configuration list for PBXNativeTarget "Lifts" */ = {
			isa = XCConfigurationList;
			buildConfigurations = (
				C21FCC3A2A337A8D009EF558 /* Debug */,
				C21FCC3B2A337A8D009EF558 /* Release */,
			);
			defaultConfigurationIsVisible = 0;
			defaultConfigurationName = Release;
		};
		C21FCC3C2A337A8D009EF558 /* Build configuration list for PBXNativeTarget "LiftsTests" */ = {
			isa = XCConfigurationList;
			buildConfigurations = (
				C21FCC3D2A337A8D009EF558 /* Debug */,
				C21FCC3E2A337A8D009EF558 /* Release */,
			);
			defaultConfigurationIsVisible = 0;
			defaultConfigurationName = Release;
		};
		C21FCC3F2A337A8D009EF558 /* Build configuration list for PBXNativeTarget "LiftsUITests" */ = {
			isa = XCConfigurationList;
			buildConfigurations = (
				C21FCC402A337A8D009EF558 /* Debug */,
				C21FCC412A337A8D009EF558 /* Release */,
			);
			defaultConfigurationIsVisible = 0;
			defaultConfigurationName = Release;
		};
/* End XCConfigurationList section */
	};
	rootObject = C21FCC0D2A337A8B009EF558 /* Project object */;
}
